github.com/gin-gonic/gin v1.9.1 h1:4idEAncQnU5cB7BeXkJgdtciV7YpyHba2rbWbq7THY=
github.com/gin-gonic/gin v1.9.1/go.mod h1:hPrL7YrpYKXt5YId3xUVrCisDpdFnsqNQjHskI3woI=
github.com/joho/godotenv v1.5.1 h1:7eLL/+HRGLY0ldzfGMeQkb7vMd0as4CfYvUVzLqw0N0=
github.com/joho/godotenv v1.5.1/go.mod h1:f4LDr5Voq0i2e/R5DDNOoa2zzDfwtkZa6DnEwAbqwq4=
github.com/supabase-community/supabase-go v0.0.3 h1:mGm6yt2+L3jE5u88zOODzRsyq3wq0jafjaXUEyw+U1A=
github.com/supabase-community/supabase-go v0.0.3/go.mod h1:qrV3gAYT8qrNIZhbK1wIEfZJlrDR+c/gZPXHT+eEE=
github.com/lib/pq v1.10.9 h1:YXG7RB+JIjhP29X+OtkiDnNstAom0QlUg1Fs7bnucE=
github.com/lib/pq v1.10.9/go.mod h1:AlVN5x4E4xnaC4m3YTReQkstLW7CNLyKYDROyiiTvI=
github.com/bytedance/sonic v1.5.0/go.mod h1:ED5hyg4y6t3/9Ku1CFPfk+4/tms/v5hedKJ7sP5Z8M=
github.com/bytedance/sonic v1.8.0 h1:Kj4cTxwEcR8L76SfLKLeDjP4VRFJ5ZBX+z2sR0L/7w=
github.com/bytedance/sonic v1.8.0/go.mod h1:i736AoUSYt75HyZLoJW9ERYxcy6eaN6h74Y7p+hwHrX=
github.com/chenzhuoyu/base64x v0.0.0-20221115062448-fe3a3abad311 h1:qSEJ3ElLtkXX83NDk5QExYnSpJ8E+ZsCEFfP6w27G4=
github.com/chenzhuoyu/base64x v0.0.0-20221115062448-fe3a3abad311/go.mod h1:b583jCggY9gE99b6G5LEC39OIiVsWj+R97kbl5odI0=
github.com/gin-contrib/sse v1.3.2 h1:L0RJ31zzLn57clQQObqI7KwW8Y/eyKrLJoIWY+0Z7I=
github.com/gin-contrib/sse v1.3.2/go.mod h1:POgu0wJrType7YUoint7DmUeFNgyezi2QvZkv4/paQ=
github.com/go-playground/locales v0.14.1 h1:EWaQ/wswjilfKngqare5L6fVQtNySh+5D6KK+iiNs0=
github.com/go-playground/locales v0.14.1/go.mod h1:hxrqLVvrK65+Rwk5sZvgy7ff3IF5l+gIL25fBaebar=
github.com/go-playground/universal-translator v0.18.1 h1:Bcnm0ZwsGyWbxAxly3gJ91QcZurVIrLjYoylA+5tfE=
github.com/go-playground/universal-translator v0.18.1/go.mod h1:xO0FLkIi5MaZbGKPxYdTjwn8I8zt50Y7BvUqsI+0Es=
github.com/go-playground/validator/v10 v10.11.2 h1:q3SHpufmypg+erL0wDwNGiIbQNK7N+2uRCw/V5v3O4=
github.com/go-playground/validator/v10 v10.11.2/go.mod h1:qW5Z+dW8K5yP0/PP4ZQrKQdRQ8u1/TY2cgc3OO2Nw=
github.com/goccy/go-json v0.10.0 h1:mXKd9Qw4NuzL0feL2DMw/V0sSCF0roMkqF7pPwO7d4=
github.com/goccy/go-json v0.10.0/go.mod h1:6MelG93GURQebLPg6g8uNERYP6q8+H2F7M1QKohllH=
github.com/google/go-cmp v0.5.5 h1:Khx7svrCpmxAxKZAIlF7YpupKoct5QC30ngYtVXiNs=
github.com/google/go-cmp v0.5.5/go.mod h1:v8dTdLbMG2kIc/FSLFztDH6PrgqPvQn7okql60QRN0=
github.com/google/gofuzz v1.0.0/go.mod h1:dBl0BpW6vV/+mYPU4Po3pmUjxk6FQPldtuIdl91Ln4=
github.com/google/uuid v1.3.0 h1:t6JiKQaAyPZYKTm4DsLI2DiJa6Z9UYXQiLvqxN8KZk=
github.com/google/uuid v1.3.0/go.mod h1:TIyPZe4MgqvfeYDBFedMoGGpEw/LqYLIJQ6OhJrPLY=
github.com/json-iterator/go v1.1.12 h1:PV8peI4a0ysnczrg+LtxykD8LfKY9ML6u2jnxaEnrnw=
github.com/json-iterator/go v1.1.12/go.mod h1:e30G1JqtQOB0JqRP4RvCO6v9RcBsSrZAwdbsTh8VHYA=
github.com/klauspost/cpuid/v2 v2.0.9 h1:lgaqFMSY3pZccqWDA8iacQ1NtQ8pOOHs+t+r588nKA=
github.com/klauspost/cpuid/v2 v2.0.9/go.mod h1:FInQzS24/EEf25PyTYn52gm7clarlfcn53rsPK5exA=
github.com/leodido/go-urn v1.2.2 h1:7z68G0FCGvDk646jz1AelTYNYWznt/Hy3LcH/9BYeM=
github.com/leodido/go-urn v1.2.2/go.mod h1:kUaILgKwxehsSvn1073GnnjwD46eneJ7/Tp+O3o0UP=
github.com/mattn/go-isatty v0.0.17 h1:BTarxUcIeDqL8Tn1q6qTQKL2eswQjLAnEkBuT8tc5E=
github.com/mattn/go-isatty v0.0.17/go.mod h1:kYGgaQfpe5nmZ8p+mlckSdQqBvJ8KasYC+w0+FQLAPQ=
github.com/modern-go/concurrent v0.0.0-20180228061459-e0a39a4cb421 h1:ZqeYNhU3OHLH3mGKHBLV9iL8ybflvd/+okI1TYmnDA=
github.com/modern-go/concurrent v0.0.0-20180228061459-e0a39a4cb421/go.mod h1:6dJC0mAP4ikYIbvj15RtJ+s1mLkMlCWIm0ZydAkqsJ=
github.com/modern-go/reflect2 v1.0.2 h1:xBagoLtFs94CBntxluKeaWgTMpvLxC4ur3nMaC9Gz0=
github.com/modern-go/reflect2 v1.0.2/go.mod h1:yWuCS7YBkPULknA0Ei8I+kkyWyWk9PREFIX7aPgkxAw=
github.com/pelletier/go-toml/v2 v2.0.6 h1:nrzqCb7j9cMFV8uSj3L2E8GrGRstTQGcgvvmXjYecM=
github.com/pelletier/go-toml/v2 v2.0.6/go.mod h1:eumQOmlWiOPt07EauqXycXCccS6YoObsWQxogkn5WZ8=
github.com/pkg/diff v0.0.0-20210226163009-20ebb0f2a09c/go.mod h1:pJLUxLENpZxwdsKMEsNbx1VGcRFaCQSEUNrWfL7f2e=
github.com/pmezard/go-difflib v1.0.0 h1:4DBwDE0NGyQoBHbLQWtunZPHEy4aYjtsF//aeP9QD0=
github.com/pmezard/go-difflib v1.0.0/go.mod h1:iKH77koFhYxTK1pcRnkGLp1M8+8CD5LMwAcJzQd8Dvw=
github.com/rogpeppe/go-internal v1.8.0 h1:FCbCCtXNOY3AxoKZLBeQn9HfeWWxqZEUpT0qNeKuHg=
github.com/rogpeppe/go-internal v1.8.0/go.mod h1:WmiCO8CzOY8rg0OYBTPD2QcYLrmCbx+IqwNV+ZOKaI=
github.com/stretchr/objx v0.1.0/go.mod h1:HFkY916IF+rwdDfVrVZTRQ2mkqZc37t/i+3KT2wDvE=
github.com/stretchr/objx v0.4.0/go.mod h1:YvHoP/yonNf7n3e5Ph9EfRrNU7OVUntXvsDty3e0ee=
github.com/stretchr/testify v1.3.0/go.mod h1:M5WIy9Dh21IEIfnGCwXCm5ttzO7nlqYiM2nWmMlEjE=
github.com/stretchr/testify v1.6.1/go.mod h1:6Fq8oRcR53rry900zg5ZZstgkzIYstQnAVmwW7N5SQ=
github.com/stretchr/testify v1.7.0/go.mod h1:6Fq8oRcR53rry900zg5ZZstgkzIYstQnAVmwW7N5SQ=
github.com/stretchr/testify v1.7.1/go.mod h1:6Fq8oRcR53rry900zg5ZZstgkzIYstQnAVmwW7N5SQ=
github.com/stretchr/testify v1.8.0/go.mod h1:yNjVzV+tZtkyxQ5dRnB89q5+t92mnTpMcI+yhVs7Ow=
github.com/stretchr/testify v1.8.1 h1:w7B6lhMri9wdJUVmEZPGGhZzrYTPvgJArz7wNPgYKs=
github.com/stretchr/testify v1.8.1/go.mod h1:w2LPCIKwDwujstXe0zJSenmBF8dgoHiUr3hVR4Xk0o=
github.com/ugorji/go v1.2.7/go.mod h1:nF9osbDWLy6bDVP+Ud83tsAsY2DF2BWjwgNR7lWuA0=
github.com/ugorji/go/codec v1.2.7 h1:YwEV5aMagT+mrffqQQXMGlSvPReIiYvnPQntz0qk+A=
github.com/ugorji/go/codec v1.2.7/go.mod h1:WGN1fab51xHVnMJRwI326l/8vKj4nwS+FifqFkLxrY=
golang.org/x/arch v0.0.0-20210923205943-811d221a7db2 h1:c+45+ctp8xIkIe3b3uvPY2qyVLnS+ctkrzmekonZkWQ=
golang.org/x/arch v0.0.0-20210923205943-811d221a7db2/go.mod h1:+pC5qzEL/SHgFLnEcAKoLLmZpk4VqXH7NYHfk7AkF0=
golang.org/x/crypto v0.5.0 h1:U/0M97KRkSFvyD/3FSVoJEK0k7H1YrwrWwEtWQrZrI=
golang.org/x/crypto v0.5.0/go.mod h1:NK/OQwhpMQP3MwtdjgLlYGoGNwQaO5g8sCUBiBuegrM=
golang.org/x/exp v0.0.0-20221212164502-fae10dda9338 h1:4xsE2C2inWvsDwtu3aaw2y2WzjwFEzRx2V4EBxriQo=
golang.org/x/exp v0.0.0-20221212164502-fae10dda9338/go.mod h1:CxIvIcHeXVBNVJ+I+mAtrW35eFSVHEtAmN392ms19k=
golang.org/x/mod v0.6.0-dev.0.20220419223038-86c51ed26bb4/go.mod h1:jJ57K6gSWd91VN4schvVqNZV0ZlyjSQwcOJ9DgkLsI=
golang.org/x/net v0.5.0 h1:ptyWQZAXomds3pUVIKkEENVzP+h2CTKAa+oDJ1nSJQ=
golang.org/x/net v0.5.0/go.mod h1:oPkhp1MJrh7nUepCax/m5Fake7hLcKJ8v2QgxogydAI=
golang.org/x/sync v0.1.0 h1:wsuoTGHzEhffawBOhz3/rLsNElv6S/3IKeQyWlue+0=
golang.org/x/sync v0.1.0/go.mod h1:RxMgew5VJxzue5/jJTE5uejpjVlOe/izrB70Jof72aM=
golang.org/x/sys v0.0.0-20210615035016-665e8c7367d1/go.mod h1:oPkhp1MJrh7nUepCax/m5Fake7hLcK7GVVLFu7s7oc=
golang.org/x/sys v0.0.0-20210806184541-e5e7981a1069/go.mod h1:oPkhp1MJrh7nUepCax/m5Fake7hLcKJcxoZ+4nsgdNI=
golang.org/x/sys v0.0.0-20220520151302-bc2c85ada10a/go.mod h1:oPkhp1MJrh7nUepCax/m5Fake7hLcKJcxoZ+4nsgdNI=
golang.org/x/sys v0.4.0 h1:Zr2JFtRQSv1s1TAcsJKYCbtCYxP2gWG6nSiJv4vrvQ=
golang.org/x/sys v0.4.0/go.mod h1:oPkhp1MJrh7nUepCax/m5Fake7hLcKJcxoZ+4nsgdNI=
golang.org/x/text v0.6.0 h1:3XmdUDzmKrzywEL7Z+M06TSWkk+e6zqLMNE+rqdSTM=
golang.org/x/text v0.6.0/go.mod h1:mrYo+phRRbMaCq/xk9Sg4BJ5ras7J6+TQABK+ksQjU=
golang.org/x/tools v0.1.12-0.20220511230840-0baf8e9691da/go.mod h1:hNGJHUnxk76oB7VeM9HvAZ/Vl9VkzqBwSQsrHDDbtA=
golang.org/x/xerrors v0.0.0-20191204190536-9bdfabe68543/go.mod h1:I/5z698sn9Ka8TeJc9MKroUUfqBBauWjQqLJ2OPfmY=
google.golang.org/protobuf v1.26.0-rc.1/go.mod h1:jlhhOSvTdKla75LmJHVHi9t8IslwTsl+f2EQg5XEjE=
google.golang.org/protobuf v1.28.1 h1:d0NfwRgPtno5B/20vcLTfZ+MUd32CDrsSoaewqp5dg=
google.golang.org/protobuf v1.28.1/go.mod h1:HV8QOd/L58Z+nl8r7k3n0B0KKWQPcIlvNQIUTS3WkE=
gopkg.in/check.v1 v0.0.0-20161208181325-20d25e280405/go.mod h1:Co6ibVJAznAaIkqp8huTwlPUGdeOFT18HB4ProjectG8=
gopkg.in/check.v1 v1.0.0-20180628173108-788fd7840127/go.mod h1:Co6ibVJAznAaIkqp8huTwlPUGdeOFT18HB4ProjectG8=
gopkg.in/yaml.v3 v3.0.0-20200313102051-9f266ea9e77c/go.mod h1:K4uyk7z7BCEPqu6E+C64Yfv1cQ41KVCrtsLM91VQ3Y=
gopkg.in/yaml.v3 v3.0.1 h1:fxVm/GzulhFknhhvzKL9F5xlOyVZIbT9czIHEMOA9o=
gopkg.in/yaml.v3 v3.0.1/go.mod h1:K4uyk7z7BCEPqu6E+C64Yfv1cQ41KVCrtsLM91VQ3Y=
