github.com/bytedance/sonic v1.9.8 h1:fJbHoEaHi6aZyN3Lod0LS7oCeS5CjUSX2B97lBKcyE=
github.com/bytedance/sonic v1.9.8/go.mod h1:bYlhP4/xQEwPJ4z7jMEGJ1/F5CzvpAxnsjrNS+P3/w=
github.com/chenzhuoyu/x86 v0.0.0-20221116150602-f71e8ae11371 h1:rUqK7aT5cI3rR1qMU8qVAJ5ghBdOVvN3TE4pQLuH1k=
github.com/chenzhuoyu/x86 v0.0.0-20221116150602-f71e8ae11371/go.mod h1:tQ2UAYgL5IvJSvfQxBQdlrneVAstqsinGsXy46cJvE=
github.com/gabriel-vasile/mimetype v1.4.2 h1:w5qFW6JKBz9QmCWpVIH+RwjfwQB5WrAc3EH3I4K0jE=
github.com/gabriel-vasile/mimetype v1.4.2/go.mod h1:zApsH/mKG4w07erNFiQISIEaSt7vlS/P7kabCfI+GA=
github.com/gin-contrib/sse v0.1.0 h1:Y/yl/+YNO8GZSvPxIo5g3j4+jxBiz+QEsSwmuYM+Uc=
github.com/gin-contrib/sse v0.1.0/go.mod h1:RHrZQcFW/3e6xvnMKndR4zf1QAaXvqcne3SChewohY=
github.com/gin-gonic/gin v1.9.1 h1:4idEAncQnU5cB7BeOkPV/Arr/3q3Z3aOv7WqfQRjsTQ=
github.com/gin-gonic/gin v1.9.1/go.mod h1:hPrL7YrpYKXt5YId3xCiBy7PSra7NtptiKecXxy3ra=
github.com/go-playground/locales v0.14.1 h1:EWaQ/wswjiQjZNyWL53/Zr5/rCRRSwBwJqwqa5DQd8=
github.com/go-playground/locales v0.14.1/go.mod h1:hxrqLVvrK65+Rwrd5Fc6F2O76J8NILGbBEPaqJEEEQ=
github.com/go-playground/universal-translator v0.18.1 h1:Bcnm0ZwsGyWbxAxly3gJ91QcZSiG3nd+nNFOe2lSEQ=
github.com/go-playground/universal-translator v0.18.1/go.mod h1:xekY+UJKNuX9WPE+4NqY1LqkyYknZiKwak35DQstJ4=
github.com/go-playground/validator/v10 v10.14.1 h1:9c50NUPC30zyuKprjL3vNZ0m5oG+jU0zwKkqXMUxHc=
github.com/go-playground/validator/v10 v10.14.1/go.mod h1:9iXMozeSLMjlcgZEViiWEIXGjXn/nqxMBctQIfNxx4=
github.com/goccy/go-json v0.10.2 h1:CqznAHaZ9ZIaynY4cUvpEfso9aRsm3QY7xvxcX2d8c=
github.com/goccy/go-json v0.10.2/go.mod h1:6MelG93GURQsbt2wreBArghZQlhcNFTr+cMTrvbrR8=
github.com/golang/protobuf v1.5.3 h1:KPEr/8pXsKxcgvqIE3FSR1ztKtD5NwPiIWg/20Sco0=
github.com/golang/protobuf v1.5.3/go.mod h1:pZnmtXAXP5yoD7LKX299NxkxAb0HDkcsl0azJ3Z20o=
github.com/google/go-querystring v1.1.0 h1:AnCroh3fv4ZBgVm6jH6W56LVvEIId7PcvCRxyPoJQ4=
github.com/google/go-querystring v1.1.0/go.mod h1:Kcppn2WVvytnwLMIpguCHcM1fh87+ZiPDnwD7qnVN0=
github.com/joho/godotenv v1.5.1 h1:7P4SfwW0XfpwW7EoqB3MQ1/b8a9BSF2qqapN5awbd4=
github.com/joho/godotenv v1.5.1/go.mod h1:f4LDr5Voq0i2e/R5DDNOoa2zzDfwtkZa49PnqnQH36=
github.com/json-iterator/go v1.1.12 h1:PV8peI4a0ysnVDyaz0YynSkPFMsqShQfvlepsRfrSc=
github.com/json-iterator/go v1.1.12/go.mod h1:e30LSqwooZae7abqwEvMh4ahlmnspWmfkWQrhvt+I=
github.com/klauspost/cpuid/v2 v2.2.5 h1:0E5MSMDEoAulmXNFbb9z+E7oJWiWEZyzVzw8I8LS8=
github.com/klauspost/cpuid/v2 v2.2.5/go.mod h1:Lcz8mBdAVJur8SMbCJ/+PWIrsSyt27qLCzrQzaPht0=
github.com/leodido/go-urn v1.2.4 h1:XlAE/cm/ms7TE/VMVoduSpNBoyc2dOxHs5MJMCUNEw=
github.com/leodido/go-urn v1.2.4/go.mod h1:7ZrI8mTSeBSHl/UaIlD7wVaL/NcLQiLW/ZpowaXR/w=
github.com/lib/pq v1.10.9 h1:YXG7RB+JIjhP29X+OtkiDnNstAwnvQGA3DmxCXc4EA=
github.com/lib/pq v1.10.9/go.mod h1:AlVSvNLrRA8wo1es+983k8q5VJQSoICnZ8bsr3c4Ow=
github.com/mattn/go-isatty v0.0.19 h1:JITubQf0LCvC8T9NYcNOKKHPr4Wvm+tNUAn7YFS879=
github.com/mattn/go-isatty v0.0.19/go.mod h1:2p2K8ftpy56+wvHMj4xLoDwVww42/ph8p13jn2Woas=
github.com/modern-go/concurrent v0.0.0-20230330173713-942fedbb3226 h1:xvjAJW6QjVyKt3X9sXvqGQrKvr8VJFKYXMl84v5m8k=
github.com/modern-go/concurrent v0.0.0-20230330173713-942fedbb3226/go.mod h1:xvqEXNQ8X2pZNtsQAv5e9Ulq3NtWIZNLWAXo/Fpp4=
github.com/modern-go/reflect2 v1.0.2 h1:xBagoLtFs94CBntxluKeaWgTMpvLxC4ur3nMaC34Cc=
github.com/modern-go/reflect2 v1.0.2/go.mod h1:yWuevngMOJpCeKkxisEYkq7mFmDBan0QZiM3/b34yw=
github.com/pelletier/go-toml/v2 v2.1.0 h1:FQc34MRgDPcKNDTrr97N8jp4GQkGfuhsFe+yCFqDTY=
github.com/pelletier/go-toml/v2 v2.1.0/go.mod h1:tJU2Z3ZkXwnNkgS1reliUwKDlqpE6XJegCLozRsrOQ=
github.com/supabase-community/supabase-go v0.0.3 h1:eZSEgzn6m5hFN29r5c5N3Nc2yVnYT1xdnE0Kdc3yE=
github.com/supabase-community/supabase-go v0.0.3/go.mod h1:H3bfvnV5i4vb0N/5OfYgPAKDo3LBHW3kD3EBN3TWA=
github.com/ugorji/go/codec v1.2.12 h1:9LC83zGvZ6T4SqaIIrsp3NSapKQDX5aUsBkLJC7fjI=
github.com/ugorji/go/codec v1.2.12/go.mod h1:UNzYN6WeFIAPZLIRとW7H7v3KpSJgTfrKr15PkJKg=
golang.org/x/arch v0.5.0 h1:jpGode6huXQxcskEIpOCvrU8tVuIbZLw5MQ2IKapqE=
golang.org/x/arch v0.5.0/go.mod h1:5OXOZSfqPIIbmVBIJuLReadyI3wUt63I+b3o8kDTyw=
golang.org/x/crypto v0.16.0 h1:mMMrFzRSCF0GvB7Ne27XVtVAaXLrPmgPC7/v0tkwHY=
golang.org/x/crypto v0.16.0/go.mod h1:gCAAfMLgwOJRpTjQ2zCCt2OcSfYMTeZVSRtQlPC7Nw=
golang.org/x/net v0.19.0 h1:xNn7rLFQWZdVQksbsF/+LKDamyMmRKlr0dNspf3579=
golang.org/x/net v0.19.0/go.mod h1:CfAk/cbD4CthTvqiO8kqKDiJ6DecIEImjWtrl6sXJo=
golang.org/x/sys v0.15.0 h1:SernR4v+D55Q+BfNFS6oBp6jnThvDVwjdEM2J6svLU=
golang.org/x/sys v0.15.0/go.mod h1:/VUhepP7J2m7Y+xca6sFcuexBX4mWY13lycon7NfJM=
golang.org/x/text v0.14.0 h1:ScX5w1eTa3QqT8eDQajTA4KlCXlsFMsVdAycKDJtsE=
golang.org/x/text v0.14.0/go.mod h1:FW+ZaayUqH0C4ced-4DBEwNazlm3xvlxV3FSteSnA8=
google.golang.org/protobuf v1.31.0 h1:g0LDEJHo4sSawEY3+DpL2pfEeHbB69XWP51yqzyCJE=
google.golang.org/protobuf v1.31.0/go.mod h1:HV8QOZWeAhekmSycqARYwCwNQ8mm48o+AiG2xemqhs=
gopkg.in/yaml.v3 v3.0.1 h1:fxVm/GzAzEWqLHEvluCIROP/3qu2IBn1G7pxQIhnwk=
gopkg.in/yaml.v3 v3.0.1/go.mod h1:K4uyk7z7BCEPqu6E+C64Yfv1cQ41KxZrArNuF15A0M=
